
Microsoft Visual Studio Solution File, Format Version 12.00
# Visual Studio Version 17
VisualStudioVersion = 17.13.35825.156 d17.13
MinimumVisualStudioVersion = 10.0.40219.1
Project("{FAE04EC0-301F-11D3-BF4B-00C04F79EFBC}") = "Calculator", "Kalkulator\Calculator.csproj", "{4EFA5A96-909B-47F4-AAA2-856CB104A3B7}"
EndProject
Global
	GlobalSection(SolutionConfigurationPlatforms) = preSolution
		Debug|Any CPU = Debug|Any CPU
		Release|Any CPU = Release|Any CPU
	EndGlobalSection
	GlobalSection(ProjectConfigurationPlatforms) = postSolution
		{4EFA5A96-909B-47F4-AAA2-856CB104A3B7}.Debug|Any CPU.ActiveCfg = Debug|Any CPU
		{4EFA5A96-909B-47F4-AAA2-856CB104A3B7}.Debug|Any CPU.Build.0 = Debug|Any CPU
		{4EFA5A96-909B-47F4-AAA2-856CB104A3B7}.Release|Any CPU.ActiveCfg = Release|Any CPU
		{4EFA5A96-909B-47F4-AAA2-856CB104A3B7}.Release|Any CPU.Build.0 = Release|Any CPU
	EndGlobalSection
	GlobalSection(SolutionProperties) = preSolution
		HideSolutionNode = FALSE
	EndGlobalSection
	GlobalSection(ExtensibilityGlobals) = postSolution
		SolutionGuid = {E364CF86-7B71-4F26-8BD4-533BC56F937B}
	EndGlobalSection
EndGlobal
